
Microsoft Visual Studio Solution File, Format Version 12.00
# Visual Studio Version 17
VisualStudioVersion = 17.6.33829.357
MinimumVisualStudioVersion = 10.0.40219.1
Project("{FAE04EC0-301F-11D3-BF4B-00C04F79EFBC}") = "YeniProje", "YeniProje\YeniProje.csproj", "{557282CA-CC40-4BF4-9D81-C808EBFA1824}"
EndProject
Global
	GlobalSection(SolutionConfigurationPlatforms) = preSolution
		Debug|Any CPU = Debug|Any CPU
		Release|Any CPU = Release|Any CPU
	EndGlobalSection
	GlobalSection(ProjectConfigurationPlatforms) = postSolution
		{557282CA-CC40-4BF4-9D81-C808EBFA1824}.Debug|Any CPU.ActiveCfg = Debug|Any CPU
		{557282CA-CC40-4BF4-9D81-C808EBFA1824}.Debug|Any CPU.Build.0 = Debug|Any CPU
		{557282CA-CC40-4BF4-9D81-C808EBFA1824}.Release|Any CPU.ActiveCfg = Release|Any CPU
		{557282CA-CC40-4BF4-9D81-C808EBFA1824}.Release|Any CPU.Build.0 = Release|Any CPU
	EndGlobalSection
	GlobalSection(SolutionProperties) = preSolution
		HideSolutionNode = FALSE
	EndGlobalSection
	GlobalSection(ExtensibilityGlobals) = postSolution
		SolutionGuid = {C39F866B-AB6D-475A-8C64-4FEA6F6C2470}
	EndGlobalSection
EndGlobal
